
Microsoft Visual Studio Solution File, Format Version 12.00
# Visual Studio 15
VisualStudioVersion = 15.0.27428.2037
MinimumVisualStudioVersion = 10.0.40219.1
Project("{FAE04EC0-301F-11D3-BF4B-00C04F79EFBC}") = "POC_GeoBoat.Android", "POC_GeoBoat\POC_GeoBoat.Android\POC_GeoBoat.Android.csproj", "{63DCBCE2-4103-4B2F-9738-28C5A0C24048}"
EndProject
Project("{FAE04EC0-301F-11D3-BF4B-00C04F79EFBC}") = "POC_GeoBoat.iOS", "POC_GeoBoat\POC_GeoBoat.iOS\POC_GeoBoat.iOS.csproj", "{3FEBA8B2-72DA-4A73-8D2A-1C80A04BEB06}"
EndProject
Project("{FAE04EC0-301F-11D3-BF4B-00C04F79EFBC}") = "POC_GeoBoat", "POC_GeoBoat\POC_GeoBoat\POC_GeoBoat.csproj", "{62791FD3-4676-4C91-8E35-582EB9A08995}"
EndProject
Global
	GlobalSection(SolutionConfigurationPlatforms) = preSolution
		Ad-Hoc|Any CPU = Ad-Hoc|Any CPU
		Ad-Hoc|iPhone = Ad-Hoc|iPhone
		Ad-Hoc|iPhoneSimulator = Ad-Hoc|iPhoneSimulator
		AppStore|Any CPU = AppStore|Any CPU
		AppStore|iPhone = AppStore|iPhone
		AppStore|iPhoneSimulator = AppStore|iPhoneSimulator
		Debug|Any CPU = Debug|Any CPU
		Debug|iPhone = Debug|iPhone
		Debug|iPhoneSimulator = Debug|iPhoneSimulator
		Release|Any CPU = Release|Any CPU
		Release|iPhone = Release|iPhone
		Release|iPhoneSimulator = Release|iPhoneSimulator
	EndGlobalSection
	GlobalSection(ProjectConfigurationPlatforms) = postSolution
		{63DCBCE2-4103-4B2F-9738-28C5A0C24048}.Ad-Hoc|Any CPU.ActiveCfg = Release|Any CPU
		{63DCBCE2-4103-4B2F-9738-28C5A0C24048}.Ad-Hoc|Any CPU.Build.0 = Release|Any CPU
		{63DCBCE2-4103-4B2F-9738-28C5A0C24048}.Ad-Hoc|Any CPU.Deploy.0 = Release|Any CPU
		{63DCBCE2-4103-4B2F-9738-28C5A0C24048}.Ad-Hoc|iPhone.ActiveCfg = Release|Any CPU
		{63DCBCE2-4103-4B2F-9738-28C5A0C24048}.Ad-Hoc|iPhone.Build.0 = Release|Any CPU
		{63DCBCE2-4103-4B2F-9738-28C5A0C24048}.Ad-Hoc|iPhone.Deploy.0 = Release|Any CPU
		{63DCBCE2-4103-4B2F-9738-28C5A0C24048}.Ad-Hoc|iPhoneSimulator.ActiveCfg = Release|Any CPU
		{63DCBCE2-4103-4B2F-9738-28C5A0C24048}.Ad-Hoc|iPhoneSimulator.Build.0 = Release|Any CPU
		{63DCBCE2-4103-4B2F-9738-28C5A0C24048}.Ad-Hoc|iPhoneSimulator.Deploy.0 = Release|Any CPU
		{63DCBCE2-4103-4B2F-9738-28C5A0C24048}.AppStore|Any CPU.ActiveCfg = Release|Any CPU
		{63DCBCE2-4103-4B2F-9738-28C5A0C24048}.AppStore|Any CPU.Build.0 = Release|Any CPU
		{63DCBCE2-4103-4B2F-9738-28C5A0C24048}.AppStore|Any CPU.Deploy.0 = Release|Any CPU
		{63DCBCE2-4103-4B2F-9738-28C5A0C24048}.AppStore|iPhone.ActiveCfg = Release|Any CPU
		{63DCBCE2-4103-4B2F-9738-28C5A0C24048}.AppStore|iPhone.Build.0 = Release|Any CPU
		{63DCBCE2-4103-4B2F-9738-28C5A0C24048}.AppStore|iPhone.Deploy.0 = Release|Any CPU
		{63DCBCE2-4103-4B2F-9738-28C5A0C24048}.AppStore|iPhoneSimulator.ActiveCfg = Release|Any CPU
		{63DCBCE2-4103-4B2F-9738-28C5A0C24048}.AppStore|iPhoneSimulator.Build.0 = Release|Any CPU
		{63DCBCE2-4103-4B2F-9738-28C5A0C24048}.AppStore|iPhoneSimulator.Deploy.0 = Release|Any CPU
		{63DCBCE2-4103-4B2F-9738-28C5A0C24048}.Debug|Any CPU.ActiveCfg = Debug|Any CPU
		{63DCBCE2-4103-4B2F-9738-28C5A0C24048}.Debug|Any CPU.Build.0 = Debug|Any CPU
		{63DCBCE2-4103-4B2F-9738-28C5A0C24048}.Debug|Any CPU.Deploy.0 = Debug|Any CPU
		{63DCBCE2-4103-4B2F-9738-28C5A0C24048}.Debug|iPhone.ActiveCfg = Debug|Any CPU
		{63DCBCE2-4103-4B2F-9738-28C5A0C24048}.Debug|iPhone.Build.0 = Debug|Any CPU
		{63DCBCE2-4103-4B2F-9738-28C5A0C24048}.Debug|iPhone.Deploy.0 = Debug|Any CPU
		{63DCBCE2-4103-4B2F-9738-28C5A0C24048}.Debug|iPhoneSimulator.ActiveCfg = Debug|Any CPU
		{63DCBCE2-4103-4B2F-9738-28C5A0C24048}.Debug|iPhoneSimulator.Build.0 = Debug|Any CPU
		{63DCBCE2-4103-4B2F-9738-28C5A0C24048}.Debug|iPhoneSimulator.Deploy.0 = Debug|Any CPU
		{63DCBCE2-4103-4B2F-9738-28C5A0C24048}.Release|Any CPU.ActiveCfg = Release|Any CPU
		{63DCBCE2-4103-4B2F-9738-28C5A0C24048}.Release|Any CPU.Build.0 = Release|Any CPU
		{63DCBCE2-4103-4B2F-9738-28C5A0C24048}.Release|Any CPU.Deploy.0 = Release|Any CPU
		{63DCBCE2-4103-4B2F-9738-28C5A0C24048}.Release|iPhone.ActiveCfg = Release|Any CPU
		{63DCBCE2-4103-4B2F-9738-28C5A0C24048}.Release|iPhone.Build.0 = Release|Any CPU
		{63DCBCE2-4103-4B2F-9738-28C5A0C24048}.Release|iPhone.Deploy.0 = Release|Any CPU
		{63DCBCE2-4103-4B2F-9738-28C5A0C24048}.Release|iPhoneSimulator.ActiveCfg = Release|Any CPU
		{63DCBCE2-4103-4B2F-9738-28C5A0C24048}.Release|iPhoneSimulator.Build.0 = Release|Any CPU
		{63DCBCE2-4103-4B2F-9738-28C5A0C24048}.Release|iPhoneSimulator.Deploy.0 = Release|Any CPU
		{3FEBA8B2-72DA-4A73-8D2A-1C80A04BEB06}.Ad-Hoc|Any CPU.ActiveCfg = Ad-Hoc|iPhone
		{3FEBA8B2-72DA-4A73-8D2A-1C80A04BEB06}.Ad-Hoc|iPhone.ActiveCfg = Ad-Hoc|iPhone
		{3FEBA8B2-72DA-4A73-8D2A-1C80A04BEB06}.Ad-Hoc|iPhone.Build.0 = Ad-Hoc|iPhone
		{3FEBA8B2-72DA-4A73-8D2A-1C80A04BEB06}.Ad-Hoc|iPhoneSimulator.ActiveCfg = Ad-Hoc|iPhoneSimulator
		{3FEBA8B2-72DA-4A73-8D2A-1C80A04BEB06}.Ad-Hoc|iPhoneSimulator.Build.0 = Ad-Hoc|iPhoneSimulator
		{3FEBA8B2-72DA-4A73-8D2A-1C80A04BEB06}.AppStore|Any CPU.ActiveCfg = AppStore|iPhone
		{3FEBA8B2-72DA-4A73-8D2A-1C80A04BEB06}.AppStore|iPhone.ActiveCfg = AppStore|iPhone
		{3FEBA8B2-72DA-4A73-8D2A-1C80A04BEB06}.AppStore|iPhone.Build.0 = AppStore|iPhone
		{3FEBA8B2-72DA-4A73-8D2A-1C80A04BEB06}.AppStore|iPhoneSimulator.ActiveCfg = AppStore|iPhoneSimulator
		{3FEBA8B2-72DA-4A73-8D2A-1C80A04BEB06}.AppStore|iPhoneSimulator.Build.0 = AppStore|iPhoneSimulator
		{3FEBA8B2-72DA-4A73-8D2A-1C80A04BEB06}.Debug|Any CPU.ActiveCfg = Debug|iPhone
		{3FEBA8B2-72DA-4A73-8D2A-1C80A04BEB06}.Debug|iPhone.ActiveCfg = Debug|iPhone
		{3FEBA8B2-72DA-4A73-8D2A-1C80A04BEB06}.Debug|iPhone.Build.0 = Debug|iPhone
		{3FEBA8B2-72DA-4A73-8D2A-1C80A04BEB06}.Debug|iPhoneSimulator.ActiveCfg = Debug|iPhoneSimulator
		{3FEBA8B2-72DA-4A73-8D2A-1C80A04BEB06}.Debug|iPhoneSimulator.Build.0 = Debug|iPhoneSimulator
		{3FEBA8B2-72DA-4A73-8D2A-1C80A04BEB06}.Release|Any CPU.ActiveCfg = Release|iPhone
		{3FEBA8B2-72DA-4A73-8D2A-1C80A04BEB06}.Release|iPhone.ActiveCfg = Release|iPhone
		{3FEBA8B2-72DA-4A73-8D2A-1C80A04BEB06}.Release|iPhone.Build.0 = Release|iPhone
		{3FEBA8B2-72DA-4A73-8D2A-1C80A04BEB06}.Release|iPhoneSimulator.ActiveCfg = Release|iPhoneSimulator
		{3FEBA8B2-72DA-4A73-8D2A-1C80A04BEB06}.Release|iPhoneSimulator.Build.0 = Release|iPhoneSimulator
		{62791FD3-4676-4C91-8E35-582EB9A08995}.Ad-Hoc|Any CPU.ActiveCfg = Debug|Any CPU
		{62791FD3-4676-4C91-8E35-582EB9A08995}.Ad-Hoc|Any CPU.Build.0 = Debug|Any CPU
		{62791FD3-4676-4C91-8E35-582EB9A08995}.Ad-Hoc|iPhone.ActiveCfg = Debug|Any CPU
		{62791FD3-4676-4C91-8E35-582EB9A08995}.Ad-Hoc|iPhone.Build.0 = Debug|Any CPU
		{62791FD3-4676-4C91-8E35-582EB9A08995}.Ad-Hoc|iPhoneSimulator.ActiveCfg = Debug|Any CPU
		{62791FD3-4676-4C91-8E35-582EB9A08995}.Ad-Hoc|iPhoneSimulator.Build.0 = Debug|Any CPU
		{62791FD3-4676-4C91-8E35-582EB9A08995}.AppStore|Any CPU.ActiveCfg = Debug|Any CPU
		{62791FD3-4676-4C91-8E35-582EB9A08995}.AppStore|Any CPU.Build.0 = Debug|Any CPU
		{62791FD3-4676-4C91-8E35-582EB9A08995}.AppStore|iPhone.ActiveCfg = Debug|Any CPU
		{62791FD3-4676-4C91-8E35-582EB9A08995}.AppStore|iPhone.Build.0 = Debug|Any CPU
		{62791FD3-4676-4C91-8E35-582EB9A08995}.AppStore|iPhoneSimulator.ActiveCfg = Debug|Any CPU
		{62791FD3-4676-4C91-8E35-582EB9A08995}.AppStore|iPhoneSimulator.Build.0 = Debug|Any CPU
		{62791FD3-4676-4C91-8E35-582EB9A08995}.Debug|Any CPU.ActiveCfg = Debug|Any CPU
		{62791FD3-4676-4C91-8E35-582EB9A08995}.Debug|Any CPU.Build.0 = Debug|Any CPU
		{62791FD3-4676-4C91-8E35-582EB9A08995}.Debug|iPhone.ActiveCfg = Debug|Any CPU
		{62791FD3-4676-4C91-8E35-582EB9A08995}.Debug|iPhone.Build.0 = Debug|Any CPU
		{62791FD3-4676-4C91-8E35-582EB9A08995}.Debug|iPhoneSimulator.ActiveCfg = Debug|Any CPU
		{62791FD3-4676-4C91-8E35-582EB9A08995}.Debug|iPhoneSimulator.Build.0 = Debug|Any CPU
		{62791FD3-4676-4C91-8E35-582EB9A08995}.Release|Any CPU.ActiveCfg = Release|Any CPU
		{62791FD3-4676-4C91-8E35-582EB9A08995}.Release|Any CPU.Build.0 = Release|Any CPU
		{62791FD3-4676-4C91-8E35-582EB9A08995}.Release|iPhone.ActiveCfg = Release|Any CPU
		{62791FD3-4676-4C91-8E35-582EB9A08995}.Release|iPhone.Build.0 = Release|Any CPU
		{62791FD3-4676-4C91-8E35-582EB9A08995}.Release|iPhoneSimulator.ActiveCfg = Release|Any CPU
		{62791FD3-4676-4C91-8E35-582EB9A08995}.Release|iPhoneSimulator.Build.0 = Release|Any CPU
	EndGlobalSection
	GlobalSection(SolutionProperties) = preSolution
		HideSolutionNode = FALSE
	EndGlobalSection
	GlobalSection(ExtensibilityGlobals) = postSolution
		SolutionGuid = {D607A7B9-CA00-44EE-A7A9-9F17A95973FC}
	EndGlobalSection
EndGlobal
